
Microsoft Visual Studio Solution File, Format Version 12.00
# Visual Studio 15
VisualStudioVersion = 15.0.27130.2036
MinimumVisualStudioVersion = 10.0.40219.1
Project("{8BC9CEB8-8B4A-11D0-8D11-00A0C91BC942}") = "PlayerCPP", "Player\Player.vcxproj", "{B26FA9B0-F892-4AD7-8394-200943E136AE}"
EndProject
Project("{8BC9CEB8-8B4A-11D0-8D11-00A0C91BC942}") = "MSDKDecodeInterop", "MSDKDecodeInterop\MSDKDecodeInterop.vcxproj", "{A5B43E03-8067-42B6-A2F2-87C3E65A0B90}"
EndProject
Project("{FAE04EC0-301F-11D3-BF4B-00C04F79EFBC}") = "PlayerCSharp", "PlayerCSharp\PlayerCSharp.csproj", "{439833CF-E707-4240-9B2B-486595AA3CA0}"
EndProject
Global
	GlobalSection(SolutionConfigurationPlatforms) = preSolution
		Debug|ARM = Debug|ARM
		Debug|x64 = Debug|x64
		Debug|x86 = Debug|x86
		Release|ARM = Release|ARM
		Release|x64 = Release|x64
		Release|x86 = Release|x86
	EndGlobalSection
	GlobalSection(ProjectConfigurationPlatforms) = postSolution
		{B26FA9B0-F892-4AD7-8394-200943E136AE}.Debug|ARM.ActiveCfg = Debug|ARM
		{B26FA9B0-F892-4AD7-8394-200943E136AE}.Debug|ARM.Build.0 = Debug|ARM
		{B26FA9B0-F892-4AD7-8394-200943E136AE}.Debug|ARM.Deploy.0 = Debug|ARM
		{B26FA9B0-F892-4AD7-8394-200943E136AE}.Debug|x64.ActiveCfg = Debug|x64
		{B26FA9B0-F892-4AD7-8394-200943E136AE}.Debug|x64.Build.0 = Debug|x64
		{B26FA9B0-F892-4AD7-8394-200943E136AE}.Debug|x64.Deploy.0 = Debug|x64
		{B26FA9B0-F892-4AD7-8394-200943E136AE}.Debug|x86.ActiveCfg = Debug|Win32
		{B26FA9B0-F892-4AD7-8394-200943E136AE}.Debug|x86.Build.0 = Debug|Win32
		{B26FA9B0-F892-4AD7-8394-200943E136AE}.Debug|x86.Deploy.0 = Debug|Win32
		{B26FA9B0-F892-4AD7-8394-200943E136AE}.Release|ARM.ActiveCfg = Release|ARM
		{B26FA9B0-F892-4AD7-8394-200943E136AE}.Release|ARM.Build.0 = Release|ARM
		{B26FA9B0-F892-4AD7-8394-200943E136AE}.Release|ARM.Deploy.0 = Release|ARM
		{B26FA9B0-F892-4AD7-8394-200943E136AE}.Release|x64.ActiveCfg = Release|x64
		{B26FA9B0-F892-4AD7-8394-200943E136AE}.Release|x64.Build.0 = Release|x64
		{B26FA9B0-F892-4AD7-8394-200943E136AE}.Release|x64.Deploy.0 = Release|x64
		{B26FA9B0-F892-4AD7-8394-200943E136AE}.Release|x86.ActiveCfg = Release|Win32
		{B26FA9B0-F892-4AD7-8394-200943E136AE}.Release|x86.Build.0 = Release|Win32
		{B26FA9B0-F892-4AD7-8394-200943E136AE}.Release|x86.Deploy.0 = Release|Win32
		{A5B43E03-8067-42B6-A2F2-87C3E65A0B90}.Debug|ARM.ActiveCfg = Debug|ARM
		{A5B43E03-8067-42B6-A2F2-87C3E65A0B90}.Debug|ARM.Build.0 = Debug|ARM
		{A5B43E03-8067-42B6-A2F2-87C3E65A0B90}.Debug|x64.ActiveCfg = Debug|x64
		{A5B43E03-8067-42B6-A2F2-87C3E65A0B90}.Debug|x64.Build.0 = Debug|x64
		{A5B43E03-8067-42B6-A2F2-87C3E65A0B90}.Debug|x86.ActiveCfg = Debug|Win32
		{A5B43E03-8067-42B6-A2F2-87C3E65A0B90}.Debug|x86.Build.0 = Debug|Win32
		{A5B43E03-8067-42B6-A2F2-87C3E65A0B90}.Release|ARM.ActiveCfg = Release|ARM
		{A5B43E03-8067-42B6-A2F2-87C3E65A0B90}.Release|ARM.Build.0 = Release|ARM
		{A5B43E03-8067-42B6-A2F2-87C3E65A0B90}.Release|x64.ActiveCfg = Release|x64
		{A5B43E03-8067-42B6-A2F2-87C3E65A0B90}.Release|x64.Build.0 = Release|x64
		{A5B43E03-8067-42B6-A2F2-87C3E65A0B90}.Release|x86.ActiveCfg = Release|Win32
		{A5B43E03-8067-42B6-A2F2-87C3E65A0B90}.Release|x86.Build.0 = Release|Win32
		{439833CF-E707-4240-9B2B-486595AA3CA0}.Debug|ARM.ActiveCfg = Debug|ARM
		{439833CF-E707-4240-9B2B-486595AA3CA0}.Debug|ARM.Build.0 = Debug|ARM
		{439833CF-E707-4240-9B2B-486595AA3CA0}.Debug|ARM.Deploy.0 = Debug|ARM
		{439833CF-E707-4240-9B2B-486595AA3CA0}.Debug|x64.ActiveCfg = Debug|x64
		{439833CF-E707-4240-9B2B-486595AA3CA0}.Debug|x64.Build.0 = Debug|x64
		{439833CF-E707-4240-9B2B-486595AA3CA0}.Debug|x64.Deploy.0 = Debug|x64
		{439833CF-E707-4240-9B2B-486595AA3CA0}.Debug|x86.ActiveCfg = Debug|x86
		{439833CF-E707-4240-9B2B-486595AA3CA0}.Debug|x86.Build.0 = Debug|x86
		{439833CF-E707-4240-9B2B-486595AA3CA0}.Debug|x86.Deploy.0 = Debug|x86
		{439833CF-E707-4240-9B2B-486595AA3CA0}.Release|ARM.ActiveCfg = Release|ARM
		{439833CF-E707-4240-9B2B-486595AA3CA0}.Release|ARM.Build.0 = Release|ARM
		{439833CF-E707-4240-9B2B-486595AA3CA0}.Release|ARM.Deploy.0 = Release|ARM
		{439833CF-E707-4240-9B2B-486595AA3CA0}.Release|x64.ActiveCfg = Release|x64
		{439833CF-E707-4240-9B2B-486595AA3CA0}.Release|x64.Build.0 = Release|x64
		{439833CF-E707-4240-9B2B-486595AA3CA0}.Release|x64.Deploy.0 = Release|x64
		{439833CF-E707-4240-9B2B-486595AA3CA0}.Release|x86.ActiveCfg = Release|x86
		{439833CF-E707-4240-9B2B-486595AA3CA0}.Release|x86.Build.0 = Release|x86
		{439833CF-E707-4240-9B2B-486595AA3CA0}.Release|x86.Deploy.0 = Release|x86
	EndGlobalSection
	GlobalSection(SolutionProperties) = preSolution
		HideSolutionNode = FALSE
	EndGlobalSection
	GlobalSection(ExtensibilityGlobals) = postSolution
		SolutionGuid = {1699D3A1-57CA-4B28-A4A1-0A34D338E4E7}
	EndGlobalSection
EndGlobal
